// !$*UTF8*$!
{
	archiveVersion = 1;
	classes = {
	};
	objectVersion = 56;
	objects = {

/* Begin PBXBuildFile section */
		4166BC242BE8E3C200B709DE /* GeometryReaderBootcamp.swift in Sources */ = {isa = PBXBuildFile; fileRef = 4166BC232BE8E3C200B709DE /* GeometryReaderBootcamp.swift */; };
		4166BC262BEA565400B709DE /* MultipleSheetsBootcamp.swift in Sources */ = {isa = PBXBuildFile; fileRef = 4166BC252BEA565400B709DE /* MultipleSheetsBootcamp.swift */; };
		417714072BF0AE54006D283F /* CoreDataRelationshipsBootcamp.swift in Sources */ = {isa = PBXBuildFile; fileRef = 417714062BF0AE54006D283F /* CoreDataRelationshipsBootcamp.swift */; };
		4177140A2BF0B0A0006D283F /* CoreDataContainer.xcdatamodeld in Sources */ = {isa = PBXBuildFile; fileRef = 417714082BF0B0A0006D283F /* CoreDataContainer.xcdatamodeld */; };
		418630C92BEFBAC700904418 /* CoreDataBootcamp.swift in Sources */ = {isa = PBXBuildFile; fileRef = 418630C82BEFBAC700904418 /* CoreDataBootcamp.swift */; };
		418630CC2BEFBC4700904418 /* FruitsContainer.xcdatamodeld in Sources */ = {isa = PBXBuildFile; fileRef = 418630CA2BEFBC4700904418 /* FruitsContainer.xcdatamodeld */; };
		41973F902BF4E02800D32D4B /* DownloadWithEscapingBootcamp.swift in Sources */ = {isa = PBXBuildFile; fileRef = 41973F8F2BF4E02800D32D4B /* DownloadWithEscapingBootcamp.swift */; };
		41A180762BE24278009ADAC8 /* SwiftUIIntermediateLearningApp.swift in Sources */ = {isa = PBXBuildFile; fileRef = 41A180752BE24278009ADAC8 /* SwiftUIIntermediateLearningApp.swift */; };
		41A1807A2BE24279009ADAC8 /* Assets.xcassets in Resources */ = {isa = PBXBuildFile; fileRef = 41A180792BE24279009ADAC8 /* Assets.xcassets */; };
		41A1807D2BE24279009ADAC8 /* Preview Assets.xcassets in Resources */ = {isa = PBXBuildFile; fileRef = 41A1807C2BE24279009ADAC8 /* Preview Assets.xcassets */; };
		41A180842BE242EF009ADAC8 /* MagnificationGestureBootcamp.swift in Sources */ = {isa = PBXBuildFile; fileRef = 41A180832BE242EF009ADAC8 /* MagnificationGestureBootcamp.swift */; };
		41A180862BE2482B009ADAC8 /* RotationGestureBootcamp.swift in Sources */ = {isa = PBXBuildFile; fileRef = 41A180852BE2482B009ADAC8 /* RotationGestureBootcamp.swift */; };
		41A180882BE4D8F7009ADAC8 /* DragGestureBootcamp.swift in Sources */ = {isa = PBXBuildFile; fileRef = 41A180872BE4D8F7009ADAC8 /* DragGestureBootcamp.swift */; };
		41A8D29A2BF2858800EC80D5 /* BackgroundThreadBootcamp.swift in Sources */ = {isa = PBXBuildFile; fileRef = 41A8D2992BF2858800EC80D5 /* BackgroundThreadBootcamp.swift */; };
		41A8D29C2BF35C8700EC80D5 /* WeakSelfBootcamp.swift in Sources */ = {isa = PBXBuildFile; fileRef = 41A8D29B2BF35C8700EC80D5 /* WeakSelfBootcamp.swift */; };
		41A8D29E2BF3644A00EC80D5 /* TypealiasBootcamp.swift in Sources */ = {isa = PBXBuildFile; fileRef = 41A8D29D2BF3644A00EC80D5 /* TypealiasBootcamp.swift */; };
		41A8D2A02BF3715C00EC80D5 /* EscapingBootcamp.swift in Sources */ = {isa = PBXBuildFile; fileRef = 41A8D29F2BF3715C00EC80D5 /* EscapingBootcamp.swift */; };
		41A8D2A22BF3849700EC80D5 /* CodableBootcamp.swift in Sources */ = {isa = PBXBuildFile; fileRef = 41A8D2A12BF3849700EC80D5 /* CodableBootcamp.swift */; };
		41D90A142BF61A2900C35869 /* DownloadWithCombine.swift in Sources */ = {isa = PBXBuildFile; fileRef = 41D90A132BF61A2900C35869 /* DownloadWithCombine.swift */; };
		41D90A162BF6599100C35869 /* TimerBootcamp.swift in Sources */ = {isa = PBXBuildFile; fileRef = 41D90A152BF6599100C35869 /* TimerBootcamp.swift */; };
		41D90A3E2BF7961B00C35869 /* SubscriberBootcamp.swift in Sources */ = {isa = PBXBuildFile; fileRef = 41D90A3D2BF7961B00C35869 /* SubscriberBootcamp.swift */; };
		41E662772BEB9F14006B36C5 /* MaskBootcamp.swift in Sources */ = {isa = PBXBuildFile; fileRef = 41E662762BEB9F14006B36C5 /* MaskBootcamp.swift */; };
		41E662792BEBA39B006B36C5 /* SoundsBootcamp.swift in Sources */ = {isa = PBXBuildFile; fileRef = 41E662782BEBA39B006B36C5 /* SoundsBootcamp.swift */; };
		41E6627C2BEBA983006B36C5 /* badum.mp3 in Resources */ = {isa = PBXBuildFile; fileRef = 41E6627B2BEBA983006B36C5 /* badum.mp3 */; };
		41E6627E2BEBA98B006B36C5 /* tada.mp3 in Resources */ = {isa = PBXBuildFile; fileRef = 41E6627D2BEBA98B006B36C5 /* tada.mp3 */; };
		41E662802BEBB130006B36C5 /* HapticsBootcamp.swift in Sources */ = {isa = PBXBuildFile; fileRef = 41E6627F2BEBB130006B36C5 /* HapticsBootcamp.swift */; };
		41E662822BEBB8D2006B36C5 /* LocalNotifitcationBootcamp.swift in Sources */ = {isa = PBXBuildFile; fileRef = 41E662812BEBB8D2006B36C5 /* LocalNotifitcationBootcamp.swift */; };
		41E662842BED447F006B36C5 /* HashableBootcamp.swift in Sources */ = {isa = PBXBuildFile; fileRef = 41E662832BED447F006B36C5 /* HashableBootcamp.swift */; };
		41E662882BED4A22006B36C5 /* ArraysBootcamp.swift in Sources */ = {isa = PBXBuildFile; fileRef = 41E662872BED4A22006B36C5 /* ArraysBootcamp.swift */; };
		41F883EC2BE51D9700B4AE54 /* DragGestureBootcamp2.swift in Sources */ = {isa = PBXBuildFile; fileRef = 41F883EB2BE51D9700B4AE54 /* DragGestureBootcamp2.swift */; };
		41F883EE2BE526F100B4AE54 /* ScrollViewReaderBootcamp.swift in Sources */ = {isa = PBXBuildFile; fileRef = 41F883ED2BE526F100B4AE54 /* ScrollViewReaderBootcamp.swift */; };
/* End PBXBuildFile section */

/* Begin PBXFileReference section */
		4166BC232BE8E3C200B709DE /* GeometryReaderBootcamp.swift */ = {isa = PBXFileReference; lastKnownFileType = sourcecode.swift; path = GeometryReaderBootcamp.swift; sourceTree = "<group>"; };
		4166BC252BEA565400B709DE /* MultipleSheetsBootcamp.swift */ = {isa = PBXFileReference; lastKnownFileType = sourcecode.swift; path = MultipleSheetsBootcamp.swift; sourceTree = "<group>"; };
		417714062BF0AE54006D283F /* CoreDataRelationshipsBootcamp.swift */ = {isa = PBXFileReference; lastKnownFileType = sourcecode.swift; path = CoreDataRelationshipsBootcamp.swift; sourceTree = "<group>"; };
		417714092BF0B0A0006D283F /* CoreDataContainer.xcdatamodel */ = {isa = PBXFileReference; lastKnownFileType = wrapper.xcdatamodel; path = CoreDataContainer.xcdatamodel; sourceTree = "<group>"; };
		418630C82BEFBAC700904418 /* CoreDataBootcamp.swift */ = {isa = PBXFileReference; lastKnownFileType = sourcecode.swift; path = CoreDataBootcamp.swift; sourceTree = "<group>"; };
		418630CB2BEFBC4700904418 /* FruitsContainer.xcdatamodel */ = {isa = PBXFileReference; lastKnownFileType = wrapper.xcdatamodel; path = FruitsContainer.xcdatamodel; sourceTree = "<group>"; };
		41973F8F2BF4E02800D32D4B /* DownloadWithEscapingBootcamp.swift */ = {isa = PBXFileReference; lastKnownFileType = sourcecode.swift; path = DownloadWithEscapingBootcamp.swift; sourceTree = "<group>"; };
		41A180722BE24278009ADAC8 /* SwiftUIIntermediateLearning.app */ = {isa = PBXFileReference; explicitFileType = wrapper.application; includeInIndex = 0; path = SwiftUIIntermediateLearning.app; sourceTree = BUILT_PRODUCTS_DIR; };
		41A180752BE24278009ADAC8 /* SwiftUIIntermediateLearningApp.swift */ = {isa = PBXFileReference; lastKnownFileType = sourcecode.swift; path = SwiftUIIntermediateLearningApp.swift; sourceTree = "<group>"; };
		41A180792BE24279009ADAC8 /* Assets.xcassets */ = {isa = PBXFileReference; lastKnownFileType = folder.assetcatalog; path = Assets.xcassets; sourceTree = "<group>"; };
		41A1807C2BE24279009ADAC8 /* Preview Assets.xcassets */ = {isa = PBXFileReference; lastKnownFileType = folder.assetcatalog; path = "Preview Assets.xcassets"; sourceTree = "<group>"; };
		41A180832BE242EF009ADAC8 /* MagnificationGestureBootcamp.swift */ = {isa = PBXFileReference; lastKnownFileType = sourcecode.swift; path = MagnificationGestureBootcamp.swift; sourceTree = "<group>"; };
		41A180852BE2482B009ADAC8 /* RotationGestureBootcamp.swift */ = {isa = PBXFileReference; lastKnownFileType = sourcecode.swift; path = RotationGestureBootcamp.swift; sourceTree = "<group>"; };
		41A180872BE4D8F7009ADAC8 /* DragGestureBootcamp.swift */ = {isa = PBXFileReference; lastKnownFileType = sourcecode.swift; path = DragGestureBootcamp.swift; sourceTree = "<group>"; };
		41A8D2992BF2858800EC80D5 /* BackgroundThreadBootcamp.swift */ = {isa = PBXFileReference; lastKnownFileType = sourcecode.swift; path = BackgroundThreadBootcamp.swift; sourceTree = "<group>"; };
		41A8D29B2BF35C8700EC80D5 /* WeakSelfBootcamp.swift */ = {isa = PBXFileReference; lastKnownFileType = sourcecode.swift; path = WeakSelfBootcamp.swift; sourceTree = "<group>"; };
		41A8D29D2BF3644A00EC80D5 /* TypealiasBootcamp.swift */ = {isa = PBXFileReference; lastKnownFileType = sourcecode.swift; path = TypealiasBootcamp.swift; sourceTree = "<group>"; };
		41A8D29F2BF3715C00EC80D5 /* EscapingBootcamp.swift */ = {isa = PBXFileReference; lastKnownFileType = sourcecode.swift; path = EscapingBootcamp.swift; sourceTree = "<group>"; };
		41A8D2A12BF3849700EC80D5 /* CodableBootcamp.swift */ = {isa = PBXFileReference; lastKnownFileType = sourcecode.swift; path = CodableBootcamp.swift; sourceTree = "<group>"; };
		41D90A132BF61A2900C35869 /* DownloadWithCombine.swift */ = {isa = PBXFileReference; lastKnownFileType = sourcecode.swift; path = DownloadWithCombine.swift; sourceTree = "<group>"; };
		41D90A152BF6599100C35869 /* TimerBootcamp.swift */ = {isa = PBXFileReference; lastKnownFileType = sourcecode.swift; path = TimerBootcamp.swift; sourceTree = "<group>"; };
		41D90A3D2BF7961B00C35869 /* SubscriberBootcamp.swift */ = {isa = PBXFileReference; lastKnownFileType = sourcecode.swift; path = SubscriberBootcamp.swift; sourceTree = "<group>"; };
		41E662762BEB9F14006B36C5 /* MaskBootcamp.swift */ = {isa = PBXFileReference; lastKnownFileType = sourcecode.swift; path = MaskBootcamp.swift; sourceTree = "<group>"; };
		41E662782BEBA39B006B36C5 /* SoundsBootcamp.swift */ = {isa = PBXFileReference; lastKnownFileType = sourcecode.swift; path = SoundsBootcamp.swift; sourceTree = "<group>"; };
		41E6627B2BEBA983006B36C5 /* badum.mp3 */ = {isa = PBXFileReference; lastKnownFileType = audio.mp3; path = badum.mp3; sourceTree = "<group>"; };
		41E6627D2BEBA98B006B36C5 /* tada.mp3 */ = {isa = PBXFileReference; lastKnownFileType = audio.mp3; path = tada.mp3; sourceTree = "<group>"; };
		41E6627F2BEBB130006B36C5 /* HapticsBootcamp.swift */ = {isa = PBXFileReference; lastKnownFileType = sourcecode.swift; path = HapticsBootcamp.swift; sourceTree = "<group>"; };
		41E662812BEBB8D2006B36C5 /* LocalNotifitcationBootcamp.swift */ = {isa = PBXFileReference; lastKnownFileType = sourcecode.swift; path = LocalNotifitcationBootcamp.swift; sourceTree = "<group>"; };
		41E662832BED447F006B36C5 /* HashableBootcamp.swift */ = {isa = PBXFileReference; lastKnownFileType = sourcecode.swift; path = HashableBootcamp.swift; sourceTree = "<group>"; };
		41E662872BED4A22006B36C5 /* ArraysBootcamp.swift */ = {isa = PBXFileReference; lastKnownFileType = sourcecode.swift; path = ArraysBootcamp.swift; sourceTree = "<group>"; };
		41F883EB2BE51D9700B4AE54 /* DragGestureBootcamp2.swift */ = {isa = PBXFileReference; lastKnownFileType = sourcecode.swift; path = DragGestureBootcamp2.swift; sourceTree = "<group>"; };
		41F883ED2BE526F100B4AE54 /* ScrollViewReaderBootcamp.swift */ = {isa = PBXFileReference; lastKnownFileType = sourcecode.swift; path = ScrollViewReaderBootcamp.swift; sourceTree = "<group>"; };
/* End PBXFileReference section */

/* Begin PBXFrameworksBuildPhase section */
		41A1806F2BE24278009ADAC8 /* Frameworks */ = {
			isa = PBXFrameworksBuildPhase;
			buildActionMask = 2147483647;
			files = (
			);
			runOnlyForDeploymentPostprocessing = 0;
		};
/* End PBXFrameworksBuildPhase section */

/* Begin PBXGroup section */
		41A180692BE24278009ADAC8 = {
			isa = PBXGroup;
			children = (
				41A180742BE24278009ADAC8 /* SwiftUIIntermediateLearning */,
				41A180732BE24278009ADAC8 /* Products */,
			);
			sourceTree = "<group>";
		};
		41A180732BE24278009ADAC8 /* Products */ = {
			isa = PBXGroup;
			children = (
				41A180722BE24278009ADAC8 /* SwiftUIIntermediateLearning.app */,
			);
			name = Products;
			sourceTree = "<group>";
		};
		41A180742BE24278009ADAC8 /* SwiftUIIntermediateLearning */ = {
			isa = PBXGroup;
			children = (
				41A180752BE24278009ADAC8 /* SwiftUIIntermediateLearningApp.swift */,
				41A180792BE24279009ADAC8 /* Assets.xcassets */,
				41A1807B2BE24279009ADAC8 /* Preview Content */,
				41E6627A2BEBA95C006B36C5 /* Sounds */,
				41A180872BE4D8F7009ADAC8 /* DragGestureBootcamp.swift */,
				41A180852BE2482B009ADAC8 /* RotationGestureBootcamp.swift */,
				41A180832BE242EF009ADAC8 /* MagnificationGestureBootcamp.swift */,
				41F883EB2BE51D9700B4AE54 /* DragGestureBootcamp2.swift */,
				41F883ED2BE526F100B4AE54 /* ScrollViewReaderBootcamp.swift */,
				4166BC232BE8E3C200B709DE /* GeometryReaderBootcamp.swift */,
				4166BC252BEA565400B709DE /* MultipleSheetsBootcamp.swift */,
				41E662762BEB9F14006B36C5 /* MaskBootcamp.swift */,
				41E662782BEBA39B006B36C5 /* SoundsBootcamp.swift */,
				41E6627F2BEBB130006B36C5 /* HapticsBootcamp.swift */,
				41E662812BEBB8D2006B36C5 /* LocalNotifitcationBootcamp.swift */,
				41E662832BED447F006B36C5 /* HashableBootcamp.swift */,
				41E662872BED4A22006B36C5 /* ArraysBootcamp.swift */,
				418630C82BEFBAC700904418 /* CoreDataBootcamp.swift */,
				417714062BF0AE54006D283F /* CoreDataRelationshipsBootcamp.swift */,
				41A8D2992BF2858800EC80D5 /* BackgroundThreadBootcamp.swift */,
				41A8D29B2BF35C8700EC80D5 /* WeakSelfBootcamp.swift */,
				41A8D29D2BF3644A00EC80D5 /* TypealiasBootcamp.swift */,
				41A8D29F2BF3715C00EC80D5 /* EscapingBootcamp.swift */,
				41A8D2A12BF3849700EC80D5 /* CodableBootcamp.swift */,
				41973F8F2BF4E02800D32D4B /* DownloadWithEscapingBootcamp.swift */,
				41D90A132BF61A2900C35869 /* DownloadWithCombine.swift */,
				41D90A152BF6599100C35869 /* TimerBootcamp.swift */,
				41D90A3D2BF7961B00C35869 /* SubscriberBootcamp.swift */,
				417714082BF0B0A0006D283F /* CoreDataContainer.xcdatamodeld */,
				418630CA2BEFBC4700904418 /* FruitsContainer.xcdatamodeld */,
			);
			path = SwiftUIIntermediateLearning;
			sourceTree = "<group>";
		};
		41A1807B2BE24279009ADAC8 /* Preview Content */ = {
			isa = PBXGroup;
			children = (
				41A1807C2BE24279009ADAC8 /* Preview Assets.xcassets */,
			);
			path = "Preview Content";
			sourceTree = "<group>";
		};
		41E6627A2BEBA95C006B36C5 /* Sounds */ = {
			isa = PBXGroup;
			children = (
				41E6627D2BEBA98B006B36C5 /* tada.mp3 */,
				41E6627B2BEBA983006B36C5 /* badum.mp3 */,
			);
			path = Sounds;
			sourceTree = "<group>";
		};
/* End PBXGroup section */

/* Begin PBXNativeTarget section */
		41A180712BE24278009ADAC8 /* SwiftUIIntermediateLearning */ = {
			isa = PBXNativeTarget;
			buildConfigurationList = 41A180802BE24279009ADAC8 /* Build configuration list for PBXNativeTarget "SwiftUIIntermediateLearning" */;
			buildPhases = (
				41A1806E2BE24278009ADAC8 /* Sources */,
				41A1806F2BE24278009ADAC8 /* Frameworks */,
				41A180702BE24278009ADAC8 /* Resources */,
			);
			buildRules = (
			);
			dependencies = (
			);
			name = SwiftUIIntermediateLearning;
			productName = SwiftUIIntermediateLearning;
			productReference = 41A180722BE24278009ADAC8 /* SwiftUIIntermediateLearning.app */;
			productType = "com.apple.product-type.application";
		};
/* End PBXNativeTarget section */

/* Begin PBXProject section */
		41A1806A2BE24278009ADAC8 /* Project object */ = {
			isa = PBXProject;
			attributes = {
				BuildIndependentTargetsInParallel = 1;
				LastSwiftUpdateCheck = 1530;
				LastUpgradeCheck = 1530;
				TargetAttributes = {
					41A180712BE24278009ADAC8 = {
						CreatedOnToolsVersion = 15.3;
					};
				};
			};
			buildConfigurationList = 41A1806D2BE24278009ADAC8 /* Build configuration list for PBXProject "SwiftUIIntermediateLearning" */;
			compatibilityVersion = "Xcode 14.0";
			developmentRegion = en;
			hasScannedForEncodings = 0;
			knownRegions = (
				en,
				Base,
			);
			mainGroup = 41A180692BE24278009ADAC8;
			productRefGroup = 41A180732BE24278009ADAC8 /* Products */;
			projectDirPath = "";
			projectRoot = "";
			targets = (
				41A180712BE24278009ADAC8 /* SwiftUIIntermediateLearning */,
			);
		};
/* End PBXProject section */

/* Begin PBXResourcesBuildPhase section */
		41A180702BE24278009ADAC8 /* Resources */ = {
			isa = PBXResourcesBuildPhase;
			buildActionMask = 2147483647;
			files = (
				41E6627E2BEBA98B006B36C5 /* tada.mp3 in Resources */,
				41A1807D2BE24279009ADAC8 /* Preview Assets.xcassets in Resources */,
				41E6627C2BEBA983006B36C5 /* badum.mp3 in Resources */,
				41A1807A2BE24279009ADAC8 /* Assets.xcassets in Resources */,
			);
			runOnlyForDeploymentPostprocessing = 0;
		};
/* End PBXResourcesBuildPhase section */

/* Begin PBXSourcesBuildPhase section */
		41A1806E2BE24278009ADAC8 /* Sources */ = {
			isa = PBXSourcesBuildPhase;
			buildActionMask = 2147483647;
			files = (
				41E662772BEB9F14006B36C5 /* MaskBootcamp.swift in Sources */,
				41E662802BEBB130006B36C5 /* HapticsBootcamp.swift in Sources */,
				418630CC2BEFBC4700904418 /* FruitsContainer.xcdatamodeld in Sources */,
				41973F902BF4E02800D32D4B /* DownloadWithEscapingBootcamp.swift in Sources */,
				41E662882BED4A22006B36C5 /* ArraysBootcamp.swift in Sources */,
				41A180862BE2482B009ADAC8 /* RotationGestureBootcamp.swift in Sources */,
				41A180842BE242EF009ADAC8 /* MagnificationGestureBootcamp.swift in Sources */,
				4166BC242BE8E3C200B709DE /* GeometryReaderBootcamp.swift in Sources */,
				41E662842BED447F006B36C5 /* HashableBootcamp.swift in Sources */,
				41A8D29E2BF3644A00EC80D5 /* TypealiasBootcamp.swift in Sources */,
				41F883EC2BE51D9700B4AE54 /* DragGestureBootcamp2.swift in Sources */,
				418630C92BEFBAC700904418 /* CoreDataBootcamp.swift in Sources */,
				41E662792BEBA39B006B36C5 /* SoundsBootcamp.swift in Sources */,
				41A8D29C2BF35C8700EC80D5 /* WeakSelfBootcamp.swift in Sources */,
				41E662822BEBB8D2006B36C5 /* LocalNotifitcationBootcamp.swift in Sources */,
				4177140A2BF0B0A0006D283F /* CoreDataContainer.xcdatamodeld in Sources */,
				41A8D29A2BF2858800EC80D5 /* BackgroundThreadBootcamp.swift in Sources */,
				41A180762BE24278009ADAC8 /* SwiftUIIntermediateLearningApp.swift in Sources */,
				41A180882BE4D8F7009ADAC8 /* DragGestureBootcamp.swift in Sources */,
				417714072BF0AE54006D283F /* CoreDataRelationshipsBootcamp.swift in Sources */,
				41A8D2A02BF3715C00EC80D5 /* EscapingBootcamp.swift in Sources */,
				41F883EE2BE526F100B4AE54 /* ScrollViewReaderBootcamp.swift in Sources */,
				41D90A142BF61A2900C35869 /* DownloadWithCombine.swift in Sources */,
				41D90A3E2BF7961B00C35869 /* SubscriberBootcamp.swift in Sources */,
				4166BC262BEA565400B709DE /* MultipleSheetsBootcamp.swift in Sources */,
				41A8D2A22BF3849700EC80D5 /* CodableBootcamp.swift in Sources */,
				41D90A162BF6599100C35869 /* TimerBootcamp.swift in Sources */,
			);
			runOnlyForDeploymentPostprocessing = 0;
		};
/* End PBXSourcesBuildPhase section */

/* Begin XCBuildConfiguration section */
		41A1807E2BE24279009ADAC8 /* Debug */ = {
			isa = XCBuildConfiguration;
			buildSettings = {
				ALWAYS_SEARCH_USER_PATHS = NO;
				ASSETCATALOG_COMPILER_GENERATE_SWIFT_ASSET_SYMBOL_EXTENSIONS = YES;
				CLANG_ANALYZER_NONNULL = YES;
				CLANG_ANALYZER_NUMBER_OBJECT_CONVERSION = YES_AGGRESSIVE;
				CLANG_CXX_LANGUAGE_STANDARD = "gnu++20";
				CLANG_ENABLE_MODULES = YES;
				CLANG_ENABLE_OBJC_ARC = YES;
				CLANG_ENABLE_OBJC_WEAK = YES;
				CLANG_WARN_BLOCK_CAPTURE_AUTORELEASING = YES;
				CLANG_WARN_BOOL_CONVERSION = YES;
				CLANG_WARN_COMMA = YES;
				CLANG_WARN_CONSTANT_CONVERSION = YES;
				CLANG_WARN_DEPRECATED_OBJC_IMPLEMENTATIONS = YES;
				CLANG_WARN_DIRECT_OBJC_ISA_USAGE = YES_ERROR;
				CLANG_WARN_DOCUMENTATION_COMMENTS = YES;
				CLANG_WARN_EMPTY_BODY = YES;
				CLANG_WARN_ENUM_CONVERSION = YES;
				CLANG_WARN_INFINITE_RECURSION = YES;
				CLANG_WARN_INT_CONVERSION = YES;
				CLANG_WARN_NON_LITERAL_NULL_CONVERSION = YES;
				CLANG_WARN_OBJC_IMPLICIT_RETAIN_SELF = YES;
				CLANG_WARN_OBJC_LITERAL_CONVERSION = YES;
				CLANG_WARN_OBJC_ROOT_CLASS = YES_ERROR;
				CLANG_WARN_QUOTED_INCLUDE_IN_FRAMEWORK_HEADER = YES;
				CLANG_WARN_RANGE_LOOP_ANALYSIS = YES;
				CLANG_WARN_STRICT_PROTOTYPES = YES;
				CLANG_WARN_SUSPICIOUS_MOVE = YES;
				CLANG_WARN_UNGUARDED_AVAILABILITY = YES_AGGRESSIVE;
				CLANG_WARN_UNREACHABLE_CODE = YES;
				CLANG_WARN__DUPLICATE_METHOD_MATCH = YES;
				COPY_PHASE_STRIP = NO;
				DEBUG_INFORMATION_FORMAT = dwarf;
				ENABLE_STRICT_OBJC_MSGSEND = YES;
				ENABLE_TESTABILITY = YES;
				ENABLE_USER_SCRIPT_SANDBOXING = YES;
				GCC_C_LANGUAGE_STANDARD = gnu17;
				GCC_DYNAMIC_NO_PIC = NO;
				GCC_NO_COMMON_BLOCKS = YES;
				GCC_OPTIMIZATION_LEVEL = 0;
				GCC_PREPROCESSOR_DEFINITIONS = (
					"DEBUG=1",
					"$(inherited)",
				);
				GCC_WARN_64_TO_32_BIT_CONVERSION = YES;
				GCC_WARN_ABOUT_RETURN_TYPE = YES_ERROR;
				GCC_WARN_UNDECLARED_SELECTOR = YES;
				GCC_WARN_UNINITIALIZED_AUTOS = YES_AGGRESSIVE;
				GCC_WARN_UNUSED_FUNCTION = YES;
				GCC_WARN_UNUSED_VARIABLE = YES;
				IPHONEOS_DEPLOYMENT_TARGET = 17.4;
				LOCALIZATION_PREFERS_STRING_CATALOGS = YES;
				MTL_ENABLE_DEBUG_INFO = INCLUDE_SOURCE;
				MTL_FAST_MATH = YES;
				ONLY_ACTIVE_ARCH = YES;
				SDKROOT = iphoneos;
				SWIFT_ACTIVE_COMPILATION_CONDITIONS = "DEBUG $(inherited)";
				SWIFT_OPTIMIZATION_LEVEL = "-Onone";
			};
			name = Debug;
		};
		41A1807F2BE24279009ADAC8 /* Release */ = {
			isa = XCBuildConfiguration;
			buildSettings = {
				ALWAYS_SEARCH_USER_PATHS = NO;
				ASSETCATALOG_COMPILER_GENERATE_SWIFT_ASSET_SYMBOL_EXTENSIONS = YES;
				CLANG_ANALYZER_NONNULL = YES;
				CLANG_ANALYZER_NUMBER_OBJECT_CONVERSION = YES_AGGRESSIVE;
				CLANG_CXX_LANGUAGE_STANDARD = "gnu++20";
				CLANG_ENABLE_MODULES = YES;
				CLANG_ENABLE_OBJC_ARC = YES;
				CLANG_ENABLE_OBJC_WEAK = YES;
				CLANG_WARN_BLOCK_CAPTURE_AUTORELEASING = YES;
				CLANG_WARN_BOOL_CONVERSION = YES;
				CLANG_WARN_COMMA = YES;
				CLANG_WARN_CONSTANT_CONVERSION = YES;
				CLANG_WARN_DEPRECATED_OBJC_IMPLEMENTATIONS = YES;
				CLANG_WARN_DIRECT_OBJC_ISA_USAGE = YES_ERROR;
				CLANG_WARN_DOCUMENTATION_COMMENTS = YES;
				CLANG_WARN_EMPTY_BODY = YES;
				CLANG_WARN_ENUM_CONVERSION = YES;
				CLANG_WARN_INFINITE_RECURSION = YES;
				CLANG_WARN_INT_CONVERSION = YES;
				CLANG_WARN_NON_LITERAL_NULL_CONVERSION = YES;
				CLANG_WARN_OBJC_IMPLICIT_RETAIN_SELF = YES;
				CLANG_WARN_OBJC_LITERAL_CONVERSION = YES;
				CLANG_WARN_OBJC_ROOT_CLASS = YES_ERROR;
				CLANG_WARN_QUOTED_INCLUDE_IN_FRAMEWORK_HEADER = YES;
				CLANG_WARN_RANGE_LOOP_ANALYSIS = YES;
				CLANG_WARN_STRICT_PROTOTYPES = YES;
				CLANG_WARN_SUSPICIOUS_MOVE = YES;
				CLANG_WARN_UNGUARDED_AVAILABILITY = YES_AGGRESSIVE;
				CLANG_WARN_UNREACHABLE_CODE = YES;
				CLANG_WARN__DUPLICATE_METHOD_MATCH = YES;
				COPY_PHASE_STRIP = NO;
				DEBUG_INFORMATION_FORMAT = "dwarf-with-dsym";
				ENABLE_NS_ASSERTIONS = NO;
				ENABLE_STRICT_OBJC_MSGSEND = YES;
				ENABLE_USER_SCRIPT_SANDBOXING = YES;
				GCC_C_LANGUAGE_STANDARD = gnu17;
				GCC_NO_COMMON_BLOCKS = YES;
				GCC_WARN_64_TO_32_BIT_CONVERSION = YES;
				GCC_WARN_ABOUT_RETURN_TYPE = YES_ERROR;
				GCC_WARN_UNDECLARED_SELECTOR = YES;
				GCC_WARN_UNINITIALIZED_AUTOS = YES_AGGRESSIVE;
				GCC_WARN_UNUSED_FUNCTION = YES;
				GCC_WARN_UNUSED_VARIABLE = YES;
				IPHONEOS_DEPLOYMENT_TARGET = 17.4;
				LOCALIZATION_PREFERS_STRING_CATALOGS = YES;
				MTL_ENABLE_DEBUG_INFO = NO;
				MTL_FAST_MATH = YES;
				SDKROOT = iphoneos;
				SWIFT_COMPILATION_MODE = wholemodule;
				VALIDATE_PRODUCT = YES;
			};
			name = Release;
		};
		41A180812BE24279009ADAC8 /* Debug */ = {
			isa = XCBuildConfiguration;
			buildSettings = {
				ASSETCATALOG_COMPILER_APPICON_NAME = AppIcon;
				ASSETCATALOG_COMPILER_GLOBAL_ACCENT_COLOR_NAME = AccentColor;
				CODE_SIGN_STYLE = Automatic;
				CURRENT_PROJECT_VERSION = 1;
				DEVELOPMENT_ASSET_PATHS = "\"SwiftUIIntermediateLearning/Preview Content\"";
				DEVELOPMENT_TEAM = MYPTJXP3NK;
				ENABLE_PREVIEWS = YES;
				GENERATE_INFOPLIST_FILE = YES;
				INFOPLIST_KEY_UIApplicationSceneManifest_Generation = YES;
				INFOPLIST_KEY_UIApplicationSupportsIndirectInputEvents = YES;
				INFOPLIST_KEY_UILaunchScreen_Generation = YES;
				INFOPLIST_KEY_UISupportedInterfaceOrientations_iPad = "UIInterfaceOrientationPortrait UIInterfaceOrientationPortraitUpsideDown UIInterfaceOrientationLandscapeLeft UIInterfaceOrientationLandscapeRight";
				INFOPLIST_KEY_UISupportedInterfaceOrientations_iPhone = "UIInterfaceOrientationPortrait UIInterfaceOrientationLandscapeLeft UIInterfaceOrientationLandscapeRight";
				LD_RUNPATH_SEARCH_PATHS = (
					"$(inherited)",
					"@executable_path/Frameworks",
				);
				MARKETING_VERSION = 1.0;
				PRODUCT_BUNDLE_IDENTIFIER = ATP.SwiftUIIntermediateLearning;
				PRODUCT_NAME = "$(TARGET_NAME)";
				SWIFT_EMIT_LOC_STRINGS = YES;
				SWIFT_VERSION = 5.0;
				TARGETED_DEVICE_FAMILY = "1,2";
			};
			name = Debug;
		};
		41A180822BE24279009ADAC8 /* Release */ = {
			isa = XCBuildConfiguration;
			buildSettings = {
				ASSETCATALOG_COMPILER_APPICON_NAME = AppIcon;
				ASSETCATALOG_COMPILER_GLOBAL_ACCENT_COLOR_NAME = AccentColor;
				CODE_SIGN_STYLE = Automatic;
				CURRENT_PROJECT_VERSION = 1;
				DEVELOPMENT_ASSET_PATHS = "\"SwiftUIIntermediateLearning/Preview Content\"";
				DEVELOPMENT_TEAM = MYPTJXP3NK;
				ENABLE_PREVIEWS = YES;
				GENERATE_INFOPLIST_FILE = YES;
				INFOPLIST_KEY_UIApplicationSceneManifest_Generation = YES;
				INFOPLIST_KEY_UIApplicationSupportsIndirectInputEvents = YES;
				INFOPLIST_KEY_UILaunchScreen_Generation = YES;
				INFOPLIST_KEY_UISupportedInterfaceOrientations_iPad = "UIInterfaceOrientationPortrait UIInterfaceOrientationPortraitUpsideDown UIInterfaceOrientationLandscapeLeft UIInterfaceOrientationLandscapeRight";
				INFOPLIST_KEY_UISupportedInterfaceOrientations_iPhone = "UIInterfaceOrientationPortrait UIInterfaceOrientationLandscapeLeft UIInterfaceOrientationLandscapeRight";
				LD_RUNPATH_SEARCH_PATHS = (
					"$(inherited)",
					"@executable_path/Frameworks",
				);
				MARKETING_VERSION = 1.0;
				PRODUCT_BUNDLE_IDENTIFIER = ATP.SwiftUIIntermediateLearning;
				PRODUCT_NAME = "$(TARGET_NAME)";
				SWIFT_EMIT_LOC_STRINGS = YES;
				SWIFT_VERSION = 5.0;
				TARGETED_DEVICE_FAMILY = "1,2";
			};
			name = Release;
		};
/* End XCBuildConfiguration section */

/* Begin XCConfigurationList section */
		41A1806D2BE24278009ADAC8 /* Build configuration list for PBXProject "SwiftUIIntermediateLearning" */ = {
			isa = XCConfigurationList;
			buildConfigurations = (
				41A1807E2BE24279009ADAC8 /* Debug */,
				41A1807F2BE24279009ADAC8 /* Release */,
			);
			defaultConfigurationIsVisible = 0;
			defaultConfigurationName = Release;
		};
		41A180802BE24279009ADAC8 /* Build configuration list for PBXNativeTarget "SwiftUIIntermediateLearning" */ = {
			isa = XCConfigurationList;
			buildConfigurations = (
				41A180812BE24279009ADAC8 /* Debug */,
				41A180822BE24279009ADAC8 /* Release */,
			);
			defaultConfigurationIsVisible = 0;
			defaultConfigurationName = Release;
		};
/* End XCConfigurationList section */

/* Begin XCVersionGroup section */
		417714082BF0B0A0006D283F /* CoreDataContainer.xcdatamodeld */ = {
			isa = XCVersionGroup;
			children = (
				417714092BF0B0A0006D283F /* CoreDataContainer.xcdatamodel */,
			);
			currentVersion = 417714092BF0B0A0006D283F /* CoreDataContainer.xcdatamodel */;
			name = CoreDataContainer.xcdatamodeld;
			path = /Users/asyatealdi/Developer/Personal/SwiftUIIntermediateLearning/SwiftUIIntermediateLearning/CoreDataContainer.xcdatamodeld;
			sourceTree = "<group>";
			versionGroupType = wrapper.xcdatamodel;
		};
		418630CA2BEFBC4700904418 /* FruitsContainer.xcdatamodeld */ = {
			isa = XCVersionGroup;
			children = (
				418630CB2BEFBC4700904418 /* FruitsContainer.xcdatamodel */,
			);
			currentVersion = 418630CB2BEFBC4700904418 /* FruitsContainer.xcdatamodel */;
			name = FruitsContainer.xcdatamodeld;
			path = /Users/asyatealdi/Developer/Personal/SwiftUIIntermediateLearning/SwiftUIIntermediateLearning/FruitsContainer.xcdatamodeld;
			sourceTree = "<group>";
			versionGroupType = wrapper.xcdatamodel;
		};
/* End XCVersionGroup section */
	};
	rootObject = 41A1806A2BE24278009ADAC8 /* Project object */;
}
